
Microsoft Visual Studio Solution File, Format Version 12.00
# Visual Studio Version 17
VisualStudioVersion = 17.3.32922.545
MinimumVisualStudioVersion = 10.0.40219.1
Project("{FAE04EC0-301F-11D3-BF4B-00C04F79EFBC}") = "SOAPAssignment", "SOAPAssignment\SOAPAssignment.csproj", "{1F29E624-B5F2-4ED0-BF19-00D7F8070024}"
EndProject
Global
	GlobalSection(SolutionConfigurationPlatforms) = preSolution
		Debug|Any CPU = Debug|Any CPU
		Release|Any CPU = Release|Any CPU
	EndGlobalSection
	GlobalSection(ProjectConfigurationPlatforms) = postSolution
		{1F29E624-B5F2-4ED0-BF19-00D7F8070024}.Debug|Any CPU.ActiveCfg = Debug|Any CPU
		{1F29E624-B5F2-4ED0-BF19-00D7F8070024}.Debug|Any CPU.Build.0 = Debug|Any CPU
		{1F29E624-B5F2-4ED0-BF19-00D7F8070024}.Release|Any CPU.ActiveCfg = Release|Any CPU
		{1F29E624-B5F2-4ED0-BF19-00D7F8070024}.Release|Any CPU.Build.0 = Release|Any CPU
	EndGlobalSection
	GlobalSection(SolutionProperties) = preSolution
		HideSolutionNode = FALSE
	EndGlobalSection
	GlobalSection(ExtensibilityGlobals) = postSolution
		SolutionGuid = {65F648F8-B083-4B18-AE35-CCFCCD263A8B}
	EndGlobalSection
EndGlobal
